// !$*UTF8*$!
{
	archiveVersion = 1;
	classes = {
	};
	objectVersion = 46;
	objects = {

/* Begin PBXBuildFile section */
		5506E346140CC6BD00A61422 /* DownloadManager.m in Sources */ = {isa = PBXBuildFile; fileRef = 5506E345140CC6BD00A61422 /* DownloadManager.m */; };
		5506E352140CCE2600A61422 /* MenuItem.m in Sources */ = {isa = PBXBuildFile; fileRef = 5506E351140CCE2600A61422 /* MenuItem.m */; };
		5506E355140CCE2700A61422 /* SubMenuItem.m in Sources */ = {isa = PBXBuildFile; fileRef = 5506E354140CCE2700A61422 /* SubMenuItem.m */; };
		5506E35A140D2D7000A61422 /* SettingViewController.m in Sources */ = {isa = PBXBuildFile; fileRef = 5506E358140D2D7000A61422 /* SettingViewController.m */; };
		5506E35B140D2D7000A61422 /* SettingViewController.xib in Resources */ = {isa = PBXBuildFile; fileRef = 5506E359140D2D7000A61422 /* SettingViewController.xib */; };
		5506E367140D44DB00A61422 /* SyncManager.m in Sources */ = {isa = PBXBuildFile; fileRef = 5506E366140D44DB00A61422 /* SyncManager.m */; };
		5506E37A140D4A0D00A61422 /* ASIHTTPRequest.m in Sources */ = {isa = PBXBuildFile; fileRef = 5506E377140D4A0D00A61422 /* ASIHTTPRequest.m */; };
		5506E37B140D4A0D00A61422 /* ASINetworkQueue.m in Sources */ = {isa = PBXBuildFile; fileRef = 5506E379140D4A0D00A61422 /* ASINetworkQueue.m */; };
		5506E380140D4E2E00A61422 /* CFNetwork.framework in Frameworks */ = {isa = PBXBuildFile; fileRef = 5506E37D140D4E2B00A61422 /* CFNetwork.framework */; };
		5506E381140D4E2E00A61422 /* MobileCoreServices.framework in Frameworks */ = {isa = PBXBuildFile; fileRef = 5506E37E140D4E2D00A61422 /* MobileCoreServices.framework */; };
		5506E382140D4E2E00A61422 /* SystemConfiguration.framework in Frameworks */ = {isa = PBXBuildFile; fileRef = 5506E37F140D4E2D00A61422 /* SystemConfiguration.framework */; };
		5506E384140D4E7700A61422 /* libz.1.2.3.dylib in Frameworks */ = {isa = PBXBuildFile; fileRef = 5506E383140D4E7700A61422 /* libz.1.2.3.dylib */; };
		5506E38C140D520700A61422 /* Reachability.m in Sources */ = {isa = PBXBuildFile; fileRef = 5506E38B140D520600A61422 /* Reachability.m */; };
		5506E395140D523200A61422 /* ASIAuthenticationDialog.m in Sources */ = {isa = PBXBuildFile; fileRef = 5506E38E140D523200A61422 /* ASIAuthenticationDialog.m */; };
		5506E396140D523200A61422 /* ASIInputStream.m in Sources */ = {isa = PBXBuildFile; fileRef = 5506E390140D523200A61422 /* ASIInputStream.m */; };
		5506E397140D523200A61422 /* ASIDataDecompressor.m in Sources */ = {isa = PBXBuildFile; fileRef = 5506E392140D523200A61422 /* ASIDataDecompressor.m */; };
		5506E398140D523200A61422 /* ASIDataCompressor.m in Sources */ = {isa = PBXBuildFile; fileRef = 5506E394140D523200A61422 /* ASIDataCompressor.m */; };
		5506E39C140E426500A61422 /* JSONKit.m in Sources */ = {isa = PBXBuildFile; fileRef = 5506E39B140E426500A61422 /* JSONKit.m */; };
		5506E39E140E94C400A61422 /* setting_bg.png in Resources */ = {isa = PBXBuildFile; fileRef = 5506E39D140E94C400A61422 /* setting_bg.png */; };
		552E7D6F1418E01300E283D4 /* close_button.png in Resources */ = {isa = PBXBuildFile; fileRef = 552E7D6E1418E01300E283D4 /* close_button.png */; };
		55449C4C1416B7E5009C2217 /* Default-Landscape~ipad.png in Resources */ = {isa = PBXBuildFile; fileRef = 55449C4B1416B7E5009C2217 /* Default-Landscape~ipad.png */; };
		55449C5F1416B832009C2217 /* ClothTransition.m in Sources */ = {isa = PBXBuildFile; fileRef = 55449C501416B832009C2217 /* ClothTransition.m */; };
		55449C601416B832009C2217 /* DoorsTransition.m in Sources */ = {isa = PBXBuildFile; fileRef = 55449C521416B832009C2217 /* DoorsTransition.m */; };
		55449C611416B832009C2217 /* FlipTransition.m in Sources */ = {isa = PBXBuildFile; fileRef = 55449C541416B832009C2217 /* FlipTransition.m */; };
		55449C621416B832009C2217 /* HMGLTransition.m in Sources */ = {isa = PBXBuildFile; fileRef = 55449C561416B832009C2217 /* HMGLTransition.m */; };
		55449C631416B832009C2217 /* HMGLTransitionManager.m in Sources */ = {isa = PBXBuildFile; fileRef = 55449C581416B832009C2217 /* HMGLTransitionManager.m */; };
		55449C641416B832009C2217 /* HMGLTransitionView.m in Sources */ = {isa = PBXBuildFile; fileRef = 55449C5A1416B832009C2217 /* HMGLTransitionView.m */; };
		55449C651416B832009C2217 /* RotateTransition.m in Sources */ = {isa = PBXBuildFile; fileRef = 55449C5C1416B832009C2217 /* RotateTransition.m */; };
		55449C661416B832009C2217 /* Switch3DTransition.m in Sources */ = {isa = PBXBuildFile; fileRef = 55449C5E1416B832009C2217 /* Switch3DTransition.m */; };
		55449C6A1416B897009C2217 /* MainViewController.m in Sources */ = {isa = PBXBuildFile; fileRef = 55449C681416B897009C2217 /* MainViewController.m */; };
		55449C6B1416B897009C2217 /* MainViewController.xib in Resources */ = {isa = PBXBuildFile; fileRef = 55449C691416B897009C2217 /* MainViewController.xib */; };
		55449C721416B92E009C2217 /* WebViewVC.m in Sources */ = {isa = PBXBuildFile; fileRef = 55449C711416B92E009C2217 /* WebViewVC.m */; };
		55449C751416B942009C2217 /* MenuCoverVC.m in Sources */ = {isa = PBXBuildFile; fileRef = 55449C741416B942009C2217 /* MenuCoverVC.m */; };
		55449C7D1416B95A009C2217 /* MenuBarVC.m in Sources */ = {isa = PBXBuildFile; fileRef = 55449C771416B95A009C2217 /* MenuBarVC.m */; };
		55449C7E1416B95A009C2217 /* ItemBarVC.m in Sources */ = {isa = PBXBuildFile; fileRef = 55449C791416B95A009C2217 /* ItemBarVC.m */; };
		55449C7F1416B95A009C2217 /* ItemBarVC.xib in Resources */ = {isa = PBXBuildFile; fileRef = 55449C7A1416B95A009C2217 /* ItemBarVC.xib */; };
		55449C801416B95A009C2217 /* ItemVC.m in Sources */ = {isa = PBXBuildFile; fileRef = 55449C7C1416B95A009C2217 /* ItemVC.m */; };
		55449C8C1416BA5D009C2217 /* OpenGLES.framework in Frameworks */ = {isa = PBXBuildFile; fileRef = 55449C8A1416BA5D009C2217 /* OpenGLES.framework */; };
		55449C8D1416BA5D009C2217 /* QuartzCore.framework in Frameworks */ = {isa = PBXBuildFile; fileRef = 55449C8B1416BA5D009C2217 /* QuartzCore.framework */; };
		55449C901416E9CB009C2217 /* BigView.m in Sources */ = {isa = PBXBuildFile; fileRef = 55449C8F1416E9CB009C2217 /* BigView.m */; };
		557D67AD14082A2F0040E6E6 /* UIKit.framework in Frameworks */ = {isa = PBXBuildFile; fileRef = 557D67AC14082A2F0040E6E6 /* UIKit.framework */; };
		557D67AF14082A2F0040E6E6 /* Foundation.framework in Frameworks */ = {isa = PBXBuildFile; fileRef = 557D67AE14082A2F0040E6E6 /* Foundation.framework */; };
		557D67B114082A2F0040E6E6 /* CoreGraphics.framework in Frameworks */ = {isa = PBXBuildFile; fileRef = 557D67B014082A2F0040E6E6 /* CoreGraphics.framework */; };
		557D67B314082A2F0040E6E6 /* CoreData.framework in Frameworks */ = {isa = PBXBuildFile; fileRef = 557D67B214082A2F0040E6E6 /* CoreData.framework */; };
		557D67B914082A2F0040E6E6 /* InfoPlist.strings in Resources */ = {isa = PBXBuildFile; fileRef = 557D67B714082A2F0040E6E6 /* InfoPlist.strings */; };
		557D67BC14082A2F0040E6E6 /* main.m in Sources */ = {isa = PBXBuildFile; fileRef = 557D67BB14082A2F0040E6E6 /* main.m */; };
		557D67BF14082A2F0040E6E6 /* SalesKitAppDelegate.m in Sources */ = {isa = PBXBuildFile; fileRef = 557D67BE14082A2F0040E6E6 /* SalesKitAppDelegate.m */; };
		557D67C214082A2F0040E6E6 /* MainWindow.xib in Resources */ = {isa = PBXBuildFile; fileRef = 557D67C014082A2F0040E6E6 /* MainWindow.xib */; };
		557D67C514082A2F0040E6E6 /* SalesKit.xcdatamodeld in Sources */ = {isa = PBXBuildFile; fileRef = 557D67C314082A2F0040E6E6 /* SalesKit.xcdatamodeld */; };
		558EFD16144797B000BD8439 /* DIOSComment.m in Sources */ = {isa = PBXBuildFile; fileRef = 558EFD03144797B000BD8439 /* DIOSComment.m */; };
		558EFD17144797B000BD8439 /* DIOSConnect.m in Sources */ = {isa = PBXBuildFile; fileRef = 558EFD06144797B000BD8439 /* DIOSConnect.m */; };
		558EFD18144797B000BD8439 /* DIOSFile.m in Sources */ = {isa = PBXBuildFile; fileRef = 558EFD08144797B000BD8439 /* DIOSFile.m */; };
		558EFD19144797B000BD8439 /* DIOSNode.m in Sources */ = {isa = PBXBuildFile; fileRef = 558EFD0A144797B000BD8439 /* DIOSNode.m */; };
		558EFD1A144797B000BD8439 /* DIOSTaxonomy.m in Sources */ = {isa = PBXBuildFile; fileRef = 558EFD0C144797B000BD8439 /* DIOSTaxonomy.m */; };
		558EFD1B144797B000BD8439 /* DIOSUser.m in Sources */ = {isa = PBXBuildFile; fileRef = 558EFD0E144797B000BD8439 /* DIOSUser.m */; };
		558EFD1C144797B000BD8439 /* DIOSViews.m in Sources */ = {isa = PBXBuildFile; fileRef = 558EFD10144797B000BD8439 /* DIOSViews.m */; };
		558EFD1D144797B000BD8439 /* LICENSE in Resources */ = {isa = PBXBuildFile; fileRef = 558EFD11144797B000BD8439 /* LICENSE */; };
		558EFD1E144797B000BD8439 /* NSData+Base64.m in Sources */ = {isa = PBXBuildFile; fileRef = 558EFD14144797B000BD8439 /* NSData+Base64.m */; };
		558EFD1F144797B000BD8439 /* README.md in Resources */ = {isa = PBXBuildFile; fileRef = 558EFD15144797B000BD8439 /* README.md */; };
		558EFD2314479C3300BD8439 /* ASIFormDataRequest.m in Sources */ = {isa = PBXBuildFile; fileRef = 558EFD2214479C3300BD8439 /* ASIFormDataRequest.m */; };
		55F97C07140EFB3C000FAA00 /* ioapi.c in Sources */ = {isa = PBXBuildFile; fileRef = 55F97BFD140EFB3C000FAA00 /* ioapi.c */; };
		55F97C08140EFB3C000FAA00 /* mztools.c in Sources */ = {isa = PBXBuildFile; fileRef = 55F97BFF140EFB3C000FAA00 /* mztools.c */; };
		55F97C09140EFB3C000FAA00 /* unzip.c in Sources */ = {isa = PBXBuildFile; fileRef = 55F97C01140EFB3C000FAA00 /* unzip.c */; };
		55F97C0A140EFB3C000FAA00 /* zip.c in Sources */ = {isa = PBXBuildFile; fileRef = 55F97C03140EFB3C000FAA00 /* zip.c */; };
		55F97C0B140EFB3C000FAA00 /* ZipArchive.mm in Sources */ = {isa = PBXBuildFile; fileRef = 55F97C06140EFB3C000FAA00 /* ZipArchive.mm */; };
/* End PBXBuildFile section */

/* Begin PBXFileReference section */
		5506E344140CC6BD00A61422 /* DownloadManager.h */ = {isa = PBXFileReference; fileEncoding = 4; lastKnownFileType = sourcecode.c.h; path = DownloadManager.h; sourceTree = "<group>"; };
		5506E345140CC6BD00A61422 /* DownloadManager.m */ = {isa = PBXFileReference; fileEncoding = 4; lastKnownFileType = sourcecode.c.objc; path = DownloadManager.m; sourceTree = "<group>"; };
		5506E350140CCE2600A61422 /* MenuItem.h */ = {isa = PBXFileReference; fileEncoding = 4; lastKnownFileType = sourcecode.c.h; name = MenuItem.h; path = ../MenuItem.h; sourceTree = "<group>"; };
		5506E351140CCE2600A61422 /* MenuItem.m */ = {isa = PBXFileReference; fileEncoding = 4; lastKnownFileType = sourcecode.c.objc; name = MenuItem.m; path = ../MenuItem.m; sourceTree = "<group>"; };
		5506E353140CCE2700A61422 /* SubMenuItem.h */ = {isa = PBXFileReference; fileEncoding = 4; lastKnownFileType = sourcecode.c.h; name = SubMenuItem.h; path = ../SubMenuItem.h; sourceTree = "<group>"; };
		5506E354140CCE2700A61422 /* SubMenuItem.m */ = {isa = PBXFileReference; fileEncoding = 4; lastKnownFileType = sourcecode.c.objc; name = SubMenuItem.m; path = ../SubMenuItem.m; sourceTree = "<group>"; };
		5506E357140D2D7000A61422 /* SettingViewController.h */ = {isa = PBXFileReference; fileEncoding = 4; lastKnownFileType = sourcecode.c.h; path = SettingViewController.h; sourceTree = "<group>"; };
		5506E358140D2D7000A61422 /* SettingViewController.m */ = {isa = PBXFileReference; fileEncoding = 4; lastKnownFileType = sourcecode.c.objc; path = SettingViewController.m; sourceTree = "<group>"; };
		5506E359140D2D7000A61422 /* SettingViewController.xib */ = {isa = PBXFileReference; fileEncoding = 4; lastKnownFileType = file.xib; path = SettingViewController.xib; sourceTree = "<group>"; };
		5506E365140D44DB00A61422 /* SyncManager.h */ = {isa = PBXFileReference; fileEncoding = 4; lastKnownFileType = sourcecode.c.h; path = SyncManager.h; sourceTree = "<group>"; };
		5506E366140D44DB00A61422 /* SyncManager.m */ = {isa = PBXFileReference; fileEncoding = 4; lastKnownFileType = sourcecode.c.objc; path = SyncManager.m; sourceTree = "<group>"; };
		5506E376140D4A0D00A61422 /* ASIHTTPRequest.h */ = {isa = PBXFileReference; fileEncoding = 4; lastKnownFileType = sourcecode.c.h; path = ASIHTTPRequest.h; sourceTree = "<group>"; };
		5506E377140D4A0D00A61422 /* ASIHTTPRequest.m */ = {isa = PBXFileReference; fileEncoding = 4; lastKnownFileType = sourcecode.c.objc; path = ASIHTTPRequest.m; sourceTree = "<group>"; };
		5506E378140D4A0D00A61422 /* ASINetworkQueue.h */ = {isa = PBXFileReference; fileEncoding = 4; lastKnownFileType = sourcecode.c.h; path = ASINetworkQueue.h; sourceTree = "<group>"; };
		5506E379140D4A0D00A61422 /* ASINetworkQueue.m */ = {isa = PBXFileReference; fileEncoding = 4; lastKnownFileType = sourcecode.c.objc; path = ASINetworkQueue.m; sourceTree = "<group>"; };
		5506E37D140D4E2B00A61422 /* CFNetwork.framework */ = {isa = PBXFileReference; lastKnownFileType = wrapper.framework; name = CFNetwork.framework; path = System/Library/Frameworks/CFNetwork.framework; sourceTree = SDKROOT; };
		5506E37E140D4E2D00A61422 /* MobileCoreServices.framework */ = {isa = PBXFileReference; lastKnownFileType = wrapper.framework; name = MobileCoreServices.framework; path = System/Library/Frameworks/MobileCoreServices.framework; sourceTree = SDKROOT; };
		5506E37F140D4E2D00A61422 /* SystemConfiguration.framework */ = {isa = PBXFileReference; lastKnownFileType = wrapper.framework; name = SystemConfiguration.framework; path = System/Library/Frameworks/SystemConfiguration.framework; sourceTree = SDKROOT; };
		5506E383140D4E7700A61422 /* libz.1.2.3.dylib */ = {isa = PBXFileReference; lastKnownFileType = "compiled.mach-o.dylib"; name = libz.1.2.3.dylib; path = usr/lib/libz.1.2.3.dylib; sourceTree = SDKROOT; };
		5506E385140D51A500A61422 /* ASIHTTPRequestConfig.h */ = {isa = PBXFileReference; fileEncoding = 4; lastKnownFileType = sourcecode.c.h; path = ASIHTTPRequestConfig.h; sourceTree = "<group>"; };
		5506E386140D51A500A61422 /* ASIHTTPRequestDelegate.h */ = {isa = PBXFileReference; fileEncoding = 4; lastKnownFileType = sourcecode.c.h; path = ASIHTTPRequestDelegate.h; sourceTree = "<group>"; };
		5506E387140D51A600A61422 /* ASIProgressDelegate.h */ = {isa = PBXFileReference; fileEncoding = 4; lastKnownFileType = sourcecode.c.h; path = ASIProgressDelegate.h; sourceTree = "<group>"; };
		5506E388140D51D900A61422 /* ASICacheDelegate.h */ = {isa = PBXFileReference; fileEncoding = 4; lastKnownFileType = sourcecode.c.h; path = ASICacheDelegate.h; sourceTree = "<group>"; };
		5506E38A140D520600A61422 /* Reachability.h */ = {isa = PBXFileReference; fileEncoding = 4; lastKnownFileType = sourcecode.c.h; path = Reachability.h; sourceTree = "<group>"; };
		5506E38B140D520600A61422 /* Reachability.m */ = {isa = PBXFileReference; fileEncoding = 4; lastKnownFileType = sourcecode.c.objc; path = Reachability.m; sourceTree = "<group>"; };
		5506E38D140D523100A61422 /* ASIAuthenticationDialog.h */ = {isa = PBXFileReference; fileEncoding = 4; lastKnownFileType = sourcecode.c.h; path = ASIAuthenticationDialog.h; sourceTree = "<group>"; };
		5506E38E140D523200A61422 /* ASIAuthenticationDialog.m */ = {isa = PBXFileReference; fileEncoding = 4; lastKnownFileType = sourcecode.c.objc; path = ASIAuthenticationDialog.m; sourceTree = "<group>"; };
		5506E38F140D523200A61422 /* ASIInputStream.h */ = {isa = PBXFileReference; fileEncoding = 4; lastKnownFileType = sourcecode.c.h; path = ASIInputStream.h; sourceTree = "<group>"; };
		5506E390140D523200A61422 /* ASIInputStream.m */ = {isa = PBXFileReference; fileEncoding = 4; lastKnownFileType = sourcecode.c.objc; path = ASIInputStream.m; sourceTree = "<group>"; };
		5506E391140D523200A61422 /* ASIDataDecompressor.h */ = {isa = PBXFileReference; fileEncoding = 4; lastKnownFileType = sourcecode.c.h; path = ASIDataDecompressor.h; sourceTree = "<group>"; };
		5506E392140D523200A61422 /* ASIDataDecompressor.m */ = {isa = PBXFileReference; fileEncoding = 4; lastKnownFileType = sourcecode.c.objc; path = ASIDataDecompressor.m; sourceTree = "<group>"; };
		5506E393140D523200A61422 /* ASIDataCompressor.h */ = {isa = PBXFileReference; fileEncoding = 4; lastKnownFileType = sourcecode.c.h; path = ASIDataCompressor.h; sourceTree = "<group>"; };
		5506E394140D523200A61422 /* ASIDataCompressor.m */ = {isa = PBXFileReference; fileEncoding = 4; lastKnownFileType = sourcecode.c.objc; path = ASIDataCompressor.m; sourceTree = "<group>"; };
		5506E39A140E426500A61422 /* JSONKit.h */ = {isa = PBXFileReference; fileEncoding = 4; lastKnownFileType = sourcecode.c.h; path = JSONKit.h; sourceTree = "<group>"; };
		5506E39B140E426500A61422 /* JSONKit.m */ = {isa = PBXFileReference; fileEncoding = 4; lastKnownFileType = sourcecode.c.objc; path = JSONKit.m; sourceTree = "<group>"; };
		5506E39D140E94C400A61422 /* setting_bg.png */ = {isa = PBXFileReference; lastKnownFileType = image.png; path = setting_bg.png; sourceTree = "<group>"; };
		552E7D6E1418E01300E283D4 /* close_button.png */ = {isa = PBXFileReference; lastKnownFileType = image.png; path = close_button.png; sourceTree = "<group>"; };
		55449C4B1416B7E5009C2217 /* Default-Landscape~ipad.png */ = {isa = PBXFileReference; lastKnownFileType = image.png; path = "Default-Landscape~ipad.png"; sourceTree = "<group>"; };
		55449C4F1416B832009C2217 /* ClothTransition.h */ = {isa = PBXFileReference; fileEncoding = 4; lastKnownFileType = sourcecode.c.h; path = ClothTransition.h; sourceTree = "<group>"; };
		55449C501416B832009C2217 /* ClothTransition.m */ = {isa = PBXFileReference; fileEncoding = 4; lastKnownFileType = sourcecode.c.objc; path = ClothTransition.m; sourceTree = "<group>"; };
		55449C511416B832009C2217 /* DoorsTransition.h */ = {isa = PBXFileReference; fileEncoding = 4; lastKnownFileType = sourcecode.c.h; path = DoorsTransition.h; sourceTree = "<group>"; };
		55449C521416B832009C2217 /* DoorsTransition.m */ = {isa = PBXFileReference; fileEncoding = 4; lastKnownFileType = sourcecode.c.objc; path = DoorsTransition.m; sourceTree = "<group>"; };
		55449C531416B832009C2217 /* FlipTransition.h */ = {isa = PBXFileReference; fileEncoding = 4; lastKnownFileType = sourcecode.c.h; path = FlipTransition.h; sourceTree = "<group>"; };
		55449C541416B832009C2217 /* FlipTransition.m */ = {isa = PBXFileReference; fileEncoding = 4; lastKnownFileType = sourcecode.c.objc; path = FlipTransition.m; sourceTree = "<group>"; };
		55449C551416B832009C2217 /* HMGLTransition.h */ = {isa = PBXFileReference; fileEncoding = 4; lastKnownFileType = sourcecode.c.h; path = HMGLTransition.h; sourceTree = "<group>"; };
		55449C561416B832009C2217 /* HMGLTransition.m */ = {isa = PBXFileReference; fileEncoding = 4; lastKnownFileType = sourcecode.c.objc; path = HMGLTransition.m; sourceTree = "<group>"; };
		55449C571416B832009C2217 /* HMGLTransitionManager.h */ = {isa = PBXFileReference; fileEncoding = 4; lastKnownFileType = sourcecode.c.h; path = HMGLTransitionManager.h; sourceTree = "<group>"; };
		55449C581416B832009C2217 /* HMGLTransitionManager.m */ = {isa = PBXFileReference; fileEncoding = 4; lastKnownFileType = sourcecode.c.objc; path = HMGLTransitionManager.m; sourceTree = "<group>"; };
		55449C591416B832009C2217 /* HMGLTransitionView.h */ = {isa = PBXFileReference; fileEncoding = 4; lastKnownFileType = sourcecode.c.h; path = HMGLTransitionView.h; sourceTree = "<group>"; };
		55449C5A1416B832009C2217 /* HMGLTransitionView.m */ = {isa = PBXFileReference; fileEncoding = 4; lastKnownFileType = sourcecode.c.objc; path = HMGLTransitionView.m; sourceTree = "<group>"; };
		55449C5B1416B832009C2217 /* RotateTransition.h */ = {isa = PBXFileReference; fileEncoding = 4; lastKnownFileType = sourcecode.c.h; path = RotateTransition.h; sourceTree = "<group>"; };
		55449C5C1416B832009C2217 /* RotateTransition.m */ = {isa = PBXFileReference; fileEncoding = 4; lastKnownFileType = sourcecode.c.objc; path = RotateTransition.m; sourceTree = "<group>"; };
		55449C5D1416B832009C2217 /* Switch3DTransition.h */ = {isa = PBXFileReference; fileEncoding = 4; lastKnownFileType = sourcecode.c.h; path = Switch3DTransition.h; sourceTree = "<group>"; };
		55449C5E1416B832009C2217 /* Switch3DTransition.m */ = {isa = PBXFileReference; fileEncoding = 4; lastKnownFileType = sourcecode.c.objc; path = Switch3DTransition.m; sourceTree = "<group>"; };
		55449C671416B897009C2217 /* MainViewController.h */ = {isa = PBXFileReference; fileEncoding = 4; lastKnownFileType = sourcecode.c.h; path = MainViewController.h; sourceTree = "<group>"; };
		55449C681416B897009C2217 /* MainViewController.m */ = {isa = PBXFileReference; fileEncoding = 4; lastKnownFileType = sourcecode.c.objc; path = MainViewController.m; sourceTree = "<group>"; };
		55449C691416B897009C2217 /* MainViewController.xib */ = {isa = PBXFileReference; fileEncoding = 4; lastKnownFileType = file.xib; path = MainViewController.xib; sourceTree = "<group>"; };
		55449C701416B92E009C2217 /* WebViewVC.h */ = {isa = PBXFileReference; fileEncoding = 4; lastKnownFileType = sourcecode.c.h; path = WebViewVC.h; sourceTree = "<group>"; };
		55449C711416B92E009C2217 /* WebViewVC.m */ = {isa = PBXFileReference; fileEncoding = 4; lastKnownFileType = sourcecode.c.objc; path = WebViewVC.m; sourceTree = "<group>"; };
		55449C731416B942009C2217 /* MenuCoverVC.h */ = {isa = PBXFileReference; fileEncoding = 4; lastKnownFileType = sourcecode.c.h; path = MenuCoverVC.h; sourceTree = "<group>"; };
		55449C741416B942009C2217 /* MenuCoverVC.m */ = {isa = PBXFileReference; fileEncoding = 4; lastKnownFileType = sourcecode.c.objc; path = MenuCoverVC.m; sourceTree = "<group>"; };
		55449C761416B95A009C2217 /* MenuBarVC.h */ = {isa = PBXFileReference; fileEncoding = 4; lastKnownFileType = sourcecode.c.h; path = MenuBarVC.h; sourceTree = "<group>"; };
		55449C771416B95A009C2217 /* MenuBarVC.m */ = {isa = PBXFileReference; fileEncoding = 4; lastKnownFileType = sourcecode.c.objc; path = MenuBarVC.m; sourceTree = "<group>"; };
		55449C781416B95A009C2217 /* ItemBarVC.h */ = {isa = PBXFileReference; fileEncoding = 4; lastKnownFileType = sourcecode.c.h; path = ItemBarVC.h; sourceTree = "<group>"; };
		55449C791416B95A009C2217 /* ItemBarVC.m */ = {isa = PBXFileReference; fileEncoding = 4; lastKnownFileType = sourcecode.c.objc; path = ItemBarVC.m; sourceTree = "<group>"; };
		55449C7A1416B95A009C2217 /* ItemBarVC.xib */ = {isa = PBXFileReference; fileEncoding = 4; lastKnownFileType = file.xib; path = ItemBarVC.xib; sourceTree = "<group>"; };
		55449C7B1416B95A009C2217 /* ItemVC.h */ = {isa = PBXFileReference; fileEncoding = 4; lastKnownFileType = sourcecode.c.h; path = ItemVC.h; sourceTree = "<group>"; };
		55449C7C1416B95A009C2217 /* ItemVC.m */ = {isa = PBXFileReference; fileEncoding = 4; lastKnownFileType = sourcecode.c.objc; path = ItemVC.m; sourceTree = "<group>"; };
		55449C811416B96D009C2217 /* UIConfig.h */ = {isa = PBXFileReference; fileEncoding = 4; lastKnownFileType = sourcecode.c.h; path = UIConfig.h; sourceTree = "<group>"; };
		55449C8A1416BA5D009C2217 /* OpenGLES.framework */ = {isa = PBXFileReference; lastKnownFileType = wrapper.framework; name = OpenGLES.framework; path = System/Library/Frameworks/OpenGLES.framework; sourceTree = SDKROOT; };
		55449C8B1416BA5D009C2217 /* QuartzCore.framework */ = {isa = PBXFileReference; lastKnownFileType = wrapper.framework; name = QuartzCore.framework; path = System/Library/Frameworks/QuartzCore.framework; sourceTree = SDKROOT; };
		55449C8E1416E9CA009C2217 /* BigView.h */ = {isa = PBXFileReference; fileEncoding = 4; lastKnownFileType = sourcecode.c.h; path = BigView.h; sourceTree = "<group>"; };
		55449C8F1416E9CB009C2217 /* BigView.m */ = {isa = PBXFileReference; fileEncoding = 4; lastKnownFileType = sourcecode.c.objc; path = BigView.m; sourceTree = "<group>"; };
		557D67A814082A2F0040E6E6 /* SalesKit.app */ = {isa = PBXFileReference; explicitFileType = wrapper.application; includeInIndex = 0; path = SalesKit.app; sourceTree = BUILT_PRODUCTS_DIR; };
		557D67AC14082A2F0040E6E6 /* UIKit.framework */ = {isa = PBXFileReference; lastKnownFileType = wrapper.framework; name = UIKit.framework; path = System/Library/Frameworks/UIKit.framework; sourceTree = SDKROOT; };
		557D67AE14082A2F0040E6E6 /* Foundation.framework */ = {isa = PBXFileReference; lastKnownFileType = wrapper.framework; name = Foundation.framework; path = System/Library/Frameworks/Foundation.framework; sourceTree = SDKROOT; };
		557D67B014082A2F0040E6E6 /* CoreGraphics.framework */ = {isa = PBXFileReference; lastKnownFileType = wrapper.framework; name = CoreGraphics.framework; path = System/Library/Frameworks/CoreGraphics.framework; sourceTree = SDKROOT; };
		557D67B214082A2F0040E6E6 /* CoreData.framework */ = {isa = PBXFileReference; lastKnownFileType = wrapper.framework; name = CoreData.framework; path = System/Library/Frameworks/CoreData.framework; sourceTree = SDKROOT; };
		557D67B614082A2F0040E6E6 /* SalesKit-Info.plist */ = {isa = PBXFileReference; lastKnownFileType = text.plist.xml; path = "SalesKit-Info.plist"; sourceTree = "<group>"; };
		557D67B814082A2F0040E6E6 /* en */ = {isa = PBXFileReference; lastKnownFileType = text.plist.strings; name = en; path = en.lproj/InfoPlist.strings; sourceTree = "<group>"; };
		557D67BA14082A2F0040E6E6 /* SalesKit-Prefix.pch */ = {isa = PBXFileReference; lastKnownFileType = sourcecode.c.h; path = "SalesKit-Prefix.pch"; sourceTree = "<group>"; };
		557D67BB14082A2F0040E6E6 /* main.m */ = {isa = PBXFileReference; lastKnownFileType = sourcecode.c.objc; path = main.m; sourceTree = "<group>"; };
		557D67BD14082A2F0040E6E6 /* SalesKitAppDelegate.h */ = {isa = PBXFileReference; lastKnownFileType = sourcecode.c.h; path = SalesKitAppDelegate.h; sourceTree = "<group>"; };
		557D67BE14082A2F0040E6E6 /* SalesKitAppDelegate.m */ = {isa = PBXFileReference; lastKnownFileType = sourcecode.c.objc; path = SalesKitAppDelegate.m; sourceTree = "<group>"; };
		557D67C114082A2F0040E6E6 /* en */ = {isa = PBXFileReference; lastKnownFileType = file.xib; name = en; path = en.lproj/MainWindow.xib; sourceTree = "<group>"; };
		557D67C414082A2F0040E6E6 /* SalesKit.xcdatamodel */ = {isa = PBXFileReference; lastKnownFileType = wrapper.xcdatamodel; path = SalesKit.xcdatamodel; sourceTree = "<group>"; };
		558EFD02144797B000BD8439 /* DIOSComment.h */ = {isa = PBXFileReference; fileEncoding = 4; lastKnownFileType = sourcecode.c.h; path = DIOSComment.h; sourceTree = "<group>"; };
		558EFD03144797B000BD8439 /* DIOSComment.m */ = {isa = PBXFileReference; fileEncoding = 4; lastKnownFileType = sourcecode.c.objc; path = DIOSComment.m; sourceTree = "<group>"; };
		558EFD04144797B000BD8439 /* DIOSConfig.h */ = {isa = PBXFileReference; fileEncoding = 4; lastKnownFileType = sourcecode.c.h; path = DIOSConfig.h; sourceTree = "<group>"; };
		558EFD05144797B000BD8439 /* DIOSConnect.h */ = {isa = PBXFileReference; fileEncoding = 4; lastKnownFileType = sourcecode.c.h; path = DIOSConnect.h; sourceTree = "<group>"; };
		558EFD06144797B000BD8439 /* DIOSConnect.m */ = {isa = PBXFileReference; fileEncoding = 4; lastKnownFileType = sourcecode.c.objc; path = DIOSConnect.m; sourceTree = "<group>"; };
		558EFD07144797B000BD8439 /* DIOSFile.h */ = {isa = PBXFileReference; fileEncoding = 4; lastKnownFileType = sourcecode.c.h; path = DIOSFile.h; sourceTree = "<group>"; };
		558EFD08144797B000BD8439 /* DIOSFile.m */ = {isa = PBXFileReference; fileEncoding = 4; lastKnownFileType = sourcecode.c.objc; path = DIOSFile.m; sourceTree = "<group>"; };
		558EFD09144797B000BD8439 /* DIOSNode.h */ = {isa = PBXFileReference; fileEncoding = 4; lastKnownFileType = sourcecode.c.h; path = DIOSNode.h; sourceTree = "<group>"; };
		558EFD0A144797B000BD8439 /* DIOSNode.m */ = {isa = PBXFileReference; fileEncoding = 4; lastKnownFileType = sourcecode.c.objc; path = DIOSNode.m; sourceTree = "<group>"; };
		558EFD0B144797B000BD8439 /* DIOSTaxonomy.h */ = {isa = PBXFileReference; fileEncoding = 4; lastKnownFileType = sourcecode.c.h; path = DIOSTaxonomy.h; sourceTree = "<group>"; };
		558EFD0C144797B000BD8439 /* DIOSTaxonomy.m */ = {isa = PBXFileReference; fileEncoding = 4; lastKnownFileType = sourcecode.c.objc; path = DIOSTaxonomy.m; sourceTree = "<group>"; };
		558EFD0D144797B000BD8439 /* DIOSUser.h */ = {isa = PBXFileReference; fileEncoding = 4; lastKnownFileType = sourcecode.c.h; path = DIOSUser.h; sourceTree = "<group>"; };
		558EFD0E144797B000BD8439 /* DIOSUser.m */ = {isa = PBXFileReference; fileEncoding = 4; lastKnownFileType = sourcecode.c.objc; path = DIOSUser.m; sourceTree = "<group>"; };
		558EFD0F144797B000BD8439 /* DIOSViews.h */ = {isa = PBXFileReference; fileEncoding = 4; lastKnownFileType = sourcecode.c.h; path = DIOSViews.h; sourceTree = "<group>"; };
		558EFD10144797B000BD8439 /* DIOSViews.m */ = {isa = PBXFileReference; fileEncoding = 4; lastKnownFileType = sourcecode.c.objc; path = DIOSViews.m; sourceTree = "<group>"; };
		558EFD11144797B000BD8439 /* LICENSE */ = {isa = PBXFileReference; fileEncoding = 4; lastKnownFileType = text; path = LICENSE; sourceTree = "<group>"; };
		558EFD13144797B000BD8439 /* NSData+Base64.h */ = {isa = PBXFileReference; fileEncoding = 4; lastKnownFileType = sourcecode.c.h; path = "NSData+Base64.h"; sourceTree = "<group>"; };
		558EFD14144797B000BD8439 /* NSData+Base64.m */ = {isa = PBXFileReference; fileEncoding = 4; lastKnownFileType = sourcecode.c.objc; path = "NSData+Base64.m"; sourceTree = "<group>"; };
		558EFD15144797B000BD8439 /* README.md */ = {isa = PBXFileReference; fileEncoding = 4; lastKnownFileType = text; path = README.md; sourceTree = "<group>"; };
		558EFD2114479C3300BD8439 /* ASIFormDataRequest.h */ = {isa = PBXFileReference; fileEncoding = 4; lastKnownFileType = sourcecode.c.h; path = ASIFormDataRequest.h; sourceTree = "<group>"; };
		558EFD2214479C3300BD8439 /* ASIFormDataRequest.m */ = {isa = PBXFileReference; fileEncoding = 4; lastKnownFileType = sourcecode.c.objc; path = ASIFormDataRequest.m; sourceTree = "<group>"; };
		55F97BFC140EFB3C000FAA00 /* crypt.h */ = {isa = PBXFileReference; fileEncoding = 4; lastKnownFileType = sourcecode.c.h; path = crypt.h; sourceTree = "<group>"; };
		55F97BFD140EFB3C000FAA00 /* ioapi.c */ = {isa = PBXFileReference; fileEncoding = 4; lastKnownFileType = sourcecode.c.c; path = ioapi.c; sourceTree = "<group>"; };
		55F97BFE140EFB3C000FAA00 /* ioapi.h */ = {isa = PBXFileReference; fileEncoding = 4; lastKnownFileType = sourcecode.c.h; path = ioapi.h; sourceTree = "<group>"; };
		55F97BFF140EFB3C000FAA00 /* mztools.c */ = {isa = PBXFileReference; fileEncoding = 4; lastKnownFileType = sourcecode.c.c; path = mztools.c; sourceTree = "<group>"; };
		55F97C00140EFB3C000FAA00 /* mztools.h */ = {isa = PBXFileReference; fileEncoding = 4; lastKnownFileType = sourcecode.c.h; path = mztools.h; sourceTree = "<group>"; };
		55F97C01140EFB3C000FAA00 /* unzip.c */ = {isa = PBXFileReference; fileEncoding = 4; lastKnownFileType = sourcecode.c.c; path = unzip.c; sourceTree = "<group>"; };
		55F97C02140EFB3C000FAA00 /* unzip.h */ = {isa = PBXFileReference; fileEncoding = 4; lastKnownFileType = sourcecode.c.h; path = unzip.h; sourceTree = "<group>"; };
		55F97C03140EFB3C000FAA00 /* zip.c */ = {isa = PBXFileReference; fileEncoding = 4; lastKnownFileType = sourcecode.c.c; path = zip.c; sourceTree = "<group>"; };
		55F97C04140EFB3C000FAA00 /* zip.h */ = {isa = PBXFileReference; fileEncoding = 4; lastKnownFileType = sourcecode.c.h; path = zip.h; sourceTree = "<group>"; };
		55F97C05140EFB3C000FAA00 /* ZipArchive.h */ = {isa = PBXFileReference; fileEncoding = 4; lastKnownFileType = sourcecode.c.h; path = ZipArchive.h; sourceTree = "<group>"; };
		55F97C06140EFB3C000FAA00 /* ZipArchive.mm */ = {isa = PBXFileReference; fileEncoding = 4; lastKnownFileType = sourcecode.cpp.objcpp; path = ZipArchive.mm; sourceTree = "<group>"; };
/* End PBXFileReference section */

/* Begin PBXFrameworksBuildPhase section */
		557D67A514082A2F0040E6E6 /* Frameworks */ = {
			isa = PBXFrameworksBuildPhase;
			buildActionMask = 2147483647;
			files = (
				55449C8C1416BA5D009C2217 /* OpenGLES.framework in Frameworks */,
				55449C8D1416BA5D009C2217 /* QuartzCore.framework in Frameworks */,
				5506E384140D4E7700A61422 /* libz.1.2.3.dylib in Frameworks */,
				5506E380140D4E2E00A61422 /* CFNetwork.framework in Frameworks */,
				5506E381140D4E2E00A61422 /* MobileCoreServices.framework in Frameworks */,
				5506E382140D4E2E00A61422 /* SystemConfiguration.framework in Frameworks */,
				557D67AD14082A2F0040E6E6 /* UIKit.framework in Frameworks */,
				557D67AF14082A2F0040E6E6 /* Foundation.framework in Frameworks */,
				557D67B114082A2F0040E6E6 /* CoreGraphics.framework in Frameworks */,
				557D67B314082A2F0040E6E6 /* CoreData.framework in Frameworks */,
			);
			runOnlyForDeploymentPostprocessing = 0;
		};
/* End PBXFrameworksBuildPhase section */

/* Begin PBXGroup section */
		5506E33D140CC66600A61422 /* Sync */ = {
			isa = PBXGroup;
			children = (
				55F97BFA140EFB3C000FAA00 /* ZipArchive */,
				5506E399140E425000A61422 /* JSONKit */,
				5506E344140CC6BD00A61422 /* DownloadManager.h */,
				5506E345140CC6BD00A61422 /* DownloadManager.m */,
				5506E365140D44DB00A61422 /* SyncManager.h */,
				5506E366140D44DB00A61422 /* SyncManager.m */,
			);
			name = Sync;
			sourceTree = "<group>";
		};
		5506E34F140CCDFB00A61422 /* ModelObjects */ = {
			isa = PBXGroup;
			children = (
				5506E353140CCE2700A61422 /* SubMenuItem.h */,
				5506E354140CCE2700A61422 /* SubMenuItem.m */,
				5506E350140CCE2600A61422 /* MenuItem.h */,
				5506E351140CCE2600A61422 /* MenuItem.m */,
			);
			name = ModelObjects;
			sourceTree = "<group>";
		};
		5506E356140D2D3200A61422 /* Settings Control */ = {
			isa = PBXGroup;
			children = (
				5506E357140D2D7000A61422 /* SettingViewController.h */,
				5506E358140D2D7000A61422 /* SettingViewController.m */,
				5506E359140D2D7000A61422 /* SettingViewController.xib */,
			);
			name = "Settings Control";
			sourceTree = "<group>";
		};
		5506E361140D3D5100A61422 /* Images */ = {
			isa = PBXGroup;
			children = (
				5506E362140D3D7400A61422 /* UI */,
			);
			name = Images;
			sourceTree = "<group>";
		};
		5506E362140D3D7400A61422 /* UI */ = {
			isa = PBXGroup;
			children = (
				552E7D6E1418E01300E283D4 /* close_button.png */,
				5506E39D140E94C400A61422 /* setting_bg.png */,
			);
			name = UI;
			sourceTree = "<group>";
		};
		5506E374140D480200A61422 /* NetworkManager */ = {
			isa = PBXGroup;
			children = (
				5506E389140D51F900A61422 /* Reachability */,
				5506E375140D483500A61422 /* ASI */,
			);
			name = NetworkManager;
			sourceTree = "<group>";
		};
		5506E375140D483500A61422 /* ASI */ = {
			isa = PBXGroup;
			children = (
				5506E388140D51D900A61422 /* ASICacheDelegate.h */,
				558EFD2114479C3300BD8439 /* ASIFormDataRequest.h */,
				558EFD2214479C3300BD8439 /* ASIFormDataRequest.m */,
				5506E376140D4A0D00A61422 /* ASIHTTPRequest.h */,
				5506E377140D4A0D00A61422 /* ASIHTTPRequest.m */,
				5506E378140D4A0D00A61422 /* ASINetworkQueue.h */,
				5506E379140D4A0D00A61422 /* ASINetworkQueue.m */,
				5506E385140D51A500A61422 /* ASIHTTPRequestConfig.h */,
				5506E386140D51A500A61422 /* ASIHTTPRequestDelegate.h */,
				5506E387140D51A600A61422 /* ASIProgressDelegate.h */,
				5506E38D140D523100A61422 /* ASIAuthenticationDialog.h */,
				5506E38E140D523200A61422 /* ASIAuthenticationDialog.m */,
				5506E38F140D523200A61422 /* ASIInputStream.h */,
				5506E390140D523200A61422 /* ASIInputStream.m */,
				5506E391140D523200A61422 /* ASIDataDecompressor.h */,
				5506E392140D523200A61422 /* ASIDataDecompressor.m */,
				5506E393140D523200A61422 /* ASIDataCompressor.h */,
				5506E394140D523200A61422 /* ASIDataCompressor.m */,
			);
			name = ASI;
			sourceTree = "<group>";
		};
		5506E389140D51F900A61422 /* Reachability */ = {
			isa = PBXGroup;
			children = (
				5506E38A140D520600A61422 /* Reachability.h */,
				5506E38B140D520600A61422 /* Reachability.m */,
			);
			name = Reachability;
			sourceTree = "<group>";
		};
		5506E399140E425000A61422 /* JSONKit */ = {
			isa = PBXGroup;
			children = (
				5506E39A140E426500A61422 /* JSONKit.h */,
				5506E39B140E426500A61422 /* JSONKit.m */,
			);
			name = JSONKit;
			sourceTree = "<group>";
		};
		55449C4E1416B832009C2217 /* HMGLTransitions */ = {
			isa = PBXGroup;
			children = (
				55449C4F1416B832009C2217 /* ClothTransition.h */,
				55449C501416B832009C2217 /* ClothTransition.m */,
				55449C511416B832009C2217 /* DoorsTransition.h */,
				55449C521416B832009C2217 /* DoorsTransition.m */,
				55449C531416B832009C2217 /* FlipTransition.h */,
				55449C541416B832009C2217 /* FlipTransition.m */,
				55449C551416B832009C2217 /* HMGLTransition.h */,
				55449C561416B832009C2217 /* HMGLTransition.m */,
				55449C571416B832009C2217 /* HMGLTransitionManager.h */,
				55449C581416B832009C2217 /* HMGLTransitionManager.m */,
				55449C591416B832009C2217 /* HMGLTransitionView.h */,
				55449C5A1416B832009C2217 /* HMGLTransitionView.m */,
				55449C5B1416B832009C2217 /* RotateTransition.h */,
				55449C5C1416B832009C2217 /* RotateTransition.m */,
				55449C5D1416B832009C2217 /* Switch3DTransition.h */,
				55449C5E1416B832009C2217 /* Switch3DTransition.m */,
			);
			path = HMGLTransitions;
			sourceTree = "<group>";
		};
		55449C6C1416B8D0009C2217 /* WebView */ = {
			isa = PBXGroup;
			children = (
				55449C701416B92E009C2217 /* WebViewVC.h */,
				55449C711416B92E009C2217 /* WebViewVC.m */,
			);
			name = WebView;
			sourceTree = "<group>";
		};
		55449C6D1416B8F6009C2217 /* MenuCover */ = {
			isa = PBXGroup;
			children = (
				55449C731416B942009C2217 /* MenuCoverVC.h */,
				55449C741416B942009C2217 /* MenuCoverVC.m */,
			);
			name = MenuCover;
			sourceTree = "<group>";
		};
		55449C6E1416B8FF009C2217 /* SubMenuBar */ = {
			isa = PBXGroup;
			children = (
				55449C761416B95A009C2217 /* MenuBarVC.h */,
				55449C771416B95A009C2217 /* MenuBarVC.m */,
				55449C781416B95A009C2217 /* ItemBarVC.h */,
				55449C791416B95A009C2217 /* ItemBarVC.m */,
				55449C7A1416B95A009C2217 /* ItemBarVC.xib */,
				55449C7B1416B95A009C2217 /* ItemVC.h */,
				55449C7C1416B95A009C2217 /* ItemVC.m */,
			);
			name = SubMenuBar;
			sourceTree = "<group>";
		};
		55449C6F1416B914009C2217 /* Config */ = {
			isa = PBXGroup;
			children = (
				55449C811416B96D009C2217 /* UIConfig.h */,
				55449C8E1416E9CA009C2217 /* BigView.h */,
				55449C8F1416E9CB009C2217 /* BigView.m */,
			);
			name = Config;
			sourceTree = "<group>";
		};
		557D679D14082A2D0040E6E6 = {
			isa = PBXGroup;
			children = (
				55449C4B1416B7E5009C2217 /* Default-Landscape~ipad.png */,
				557D67B414082A2F0040E6E6 /* SalesKit */,
				557D67AB14082A2F0040E6E6 /* Frameworks */,
				557D67A914082A2F0040E6E6 /* Products */,
			);
			sourceTree = "<group>";
		};
		557D67A914082A2F0040E6E6 /* Products */ = {
			isa = PBXGroup;
			children = (
				557D67A814082A2F0040E6E6 /* SalesKit.app */,
			);
			name = Products;
			sourceTree = "<group>";
		};
		557D67AB14082A2F0040E6E6 /* Frameworks */ = {
			isa = PBXGroup;
			children = (
				5506E383140D4E7700A61422 /* libz.1.2.3.dylib */,
				55449C8A1416BA5D009C2217 /* OpenGLES.framework */,
				55449C8B1416BA5D009C2217 /* QuartzCore.framework */,
				5506E37D140D4E2B00A61422 /* CFNetwork.framework */,
				5506E37E140D4E2D00A61422 /* MobileCoreServices.framework */,
				5506E37F140D4E2D00A61422 /* SystemConfiguration.framework */,
				557D67AC14082A2F0040E6E6 /* UIKit.framework */,
				557D67AE14082A2F0040E6E6 /* Foundation.framework */,
				557D67B014082A2F0040E6E6 /* CoreGraphics.framework */,
				557D67B214082A2F0040E6E6 /* CoreData.framework */,
			);
			name = Frameworks;
			sourceTree = "<group>";
		};
		557D67B414082A2F0040E6E6 /* SalesKit */ = {
			isa = PBXGroup;
			children = (
				558EFD01144797AF00BD8439 /* Drupal-Connect */,
				55449C4E1416B832009C2217 /* HMGLTransitions */,
				5506E374140D480200A61422 /* NetworkManager */,
				5506E356140D2D3200A61422 /* Settings Control */,
				5506E34F140CCDFB00A61422 /* ModelObjects */,
				5506E33D140CC66600A61422 /* Sync */,
				55449C6C1416B8D0009C2217 /* WebView */,
				55449C6F1416B914009C2217 /* Config */,
				55449C6E1416B8FF009C2217 /* SubMenuBar */,
				55449C6D1416B8F6009C2217 /* MenuCover */,
				557D67BD14082A2F0040E6E6 /* SalesKitAppDelegate.h */,
				557D67BE14082A2F0040E6E6 /* SalesKitAppDelegate.m */,
				557D67C014082A2F0040E6E6 /* MainWindow.xib */,
				55449C671416B897009C2217 /* MainViewController.h */,
				55449C681416B897009C2217 /* MainViewController.m */,
				55449C691416B897009C2217 /* MainViewController.xib */,
				557D67C314082A2F0040E6E6 /* SalesKit.xcdatamodeld */,
				5506E361140D3D5100A61422 /* Images */,
				557D67B514082A2F0040E6E6 /* Supporting Files */,
			);
			path = SalesKit;
			sourceTree = "<group>";
		};
		557D67B514082A2F0040E6E6 /* Supporting Files */ = {
			isa = PBXGroup;
			children = (
				557D67B614082A2F0040E6E6 /* SalesKit-Info.plist */,
				557D67B714082A2F0040E6E6 /* InfoPlist.strings */,
				557D67BA14082A2F0040E6E6 /* SalesKit-Prefix.pch */,
				557D67BB14082A2F0040E6E6 /* main.m */,
			);
			name = "Supporting Files";
			sourceTree = "<group>";
		};
		558EFD01144797AF00BD8439 /* Drupal-Connect */ = {
			isa = PBXGroup;
			children = (
				558EFD02144797B000BD8439 /* DIOSComment.h */,
				558EFD03144797B000BD8439 /* DIOSComment.m */,
				558EFD04144797B000BD8439 /* DIOSConfig.h */,
				558EFD05144797B000BD8439 /* DIOSConnect.h */,
				558EFD06144797B000BD8439 /* DIOSConnect.m */,
				558EFD07144797B000BD8439 /* DIOSFile.h */,
				558EFD08144797B000BD8439 /* DIOSFile.m */,
				558EFD09144797B000BD8439 /* DIOSNode.h */,
				558EFD0A144797B000BD8439 /* DIOSNode.m */,
				558EFD0B144797B000BD8439 /* DIOSTaxonomy.h */,
				558EFD0C144797B000BD8439 /* DIOSTaxonomy.m */,
				558EFD0D144797B000BD8439 /* DIOSUser.h */,
				558EFD0E144797B000BD8439 /* DIOSUser.m */,
				558EFD0F144797B000BD8439 /* DIOSViews.h */,
				558EFD10144797B000BD8439 /* DIOSViews.m */,
				558EFD11144797B000BD8439 /* LICENSE */,
				558EFD12144797B000BD8439 /* NSData_Base64 */,
				558EFD15144797B000BD8439 /* README.md */,
			);
			path = "Drupal-Connect";
			sourceTree = "<group>";
		};
		558EFD12144797B000BD8439 /* NSData_Base64 */ = {
			isa = PBXGroup;
			children = (
				558EFD13144797B000BD8439 /* NSData+Base64.h */,
				558EFD14144797B000BD8439 /* NSData+Base64.m */,
			);
			path = NSData_Base64;
			sourceTree = "<group>";
		};
		55F97BFA140EFB3C000FAA00 /* ZipArchive */ = {
			isa = PBXGroup;
			children = (
				55F97BFB140EFB3C000FAA00 /* minizip */,
				55F97C05140EFB3C000FAA00 /* ZipArchive.h */,
				55F97C06140EFB3C000FAA00 /* ZipArchive.mm */,
			);
			path = ZipArchive;
			sourceTree = "<group>";
		};
		55F97BFB140EFB3C000FAA00 /* minizip */ = {
			isa = PBXGroup;
			children = (
				55F97BFC140EFB3C000FAA00 /* crypt.h */,
				55F97BFD140EFB3C000FAA00 /* ioapi.c */,
				55F97BFE140EFB3C000FAA00 /* ioapi.h */,
				55F97BFF140EFB3C000FAA00 /* mztools.c */,
				55F97C00140EFB3C000FAA00 /* mztools.h */,
				55F97C01140EFB3C000FAA00 /* unzip.c */,
				55F97C02140EFB3C000FAA00 /* unzip.h */,
				55F97C03140EFB3C000FAA00 /* zip.c */,
				55F97C04140EFB3C000FAA00 /* zip.h */,
			);
			path = minizip;
			sourceTree = "<group>";
		};
/* End PBXGroup section */

/* Begin PBXNativeTarget section */
		557D67A714082A2F0040E6E6 /* SalesKit */ = {
			isa = PBXNativeTarget;
			buildConfigurationList = 557D67C814082A300040E6E6 /* Build configuration list for PBXNativeTarget "SalesKit" */;
			buildPhases = (
				557D67A414082A2F0040E6E6 /* Sources */,
				557D67A514082A2F0040E6E6 /* Frameworks */,
				557D67A614082A2F0040E6E6 /* Resources */,
			);
			buildRules = (
			);
			dependencies = (
			);
			name = SalesKit;
			productName = SalesKit;
			productReference = 557D67A814082A2F0040E6E6 /* SalesKit.app */;
			productType = "com.apple.product-type.application";
		};
/* End PBXNativeTarget section */

/* Begin PBXProject section */
		557D679F14082A2E0040E6E6 /* Project object */ = {
			isa = PBXProject;
			buildConfigurationList = 557D67A214082A2E0040E6E6 /* Build configuration list for PBXProject "SalesKit" */;
			compatibilityVersion = "Xcode 3.2";
			developmentRegion = English;
			hasScannedForEncodings = 0;
			knownRegions = (
				en,
			);
			mainGroup = 557D679D14082A2D0040E6E6;
			productRefGroup = 557D67A914082A2F0040E6E6 /* Products */;
			projectDirPath = "";
			projectRoot = "";
			targets = (
				557D67A714082A2F0040E6E6 /* SalesKit */,
			);
		};
/* End PBXProject section */

/* Begin PBXResourcesBuildPhase section */
		557D67A614082A2F0040E6E6 /* Resources */ = {
			isa = PBXResourcesBuildPhase;
			buildActionMask = 2147483647;
			files = (
				557D67B914082A2F0040E6E6 /* InfoPlist.strings in Resources */,
				557D67C214082A2F0040E6E6 /* MainWindow.xib in Resources */,
				5506E35B140D2D7000A61422 /* SettingViewController.xib in Resources */,
				5506E39E140E94C400A61422 /* setting_bg.png in Resources */,
				55449C4C1416B7E5009C2217 /* Default-Landscape~ipad.png in Resources */,
				55449C6B1416B897009C2217 /* MainViewController.xib in Resources */,
				55449C7F1416B95A009C2217 /* ItemBarVC.xib in Resources */,
				552E7D6F1418E01300E283D4 /* close_button.png in Resources */,
				558EFD1D144797B000BD8439 /* LICENSE in Resources */,
				558EFD1F144797B000BD8439 /* README.md in Resources */,
			);
			runOnlyForDeploymentPostprocessing = 0;
		};
/* End PBXResourcesBuildPhase section */

/* Begin PBXSourcesBuildPhase section */
		557D67A414082A2F0040E6E6 /* Sources */ = {
			isa = PBXSourcesBuildPhase;
			buildActionMask = 2147483647;
			files = (
				557D67BC14082A2F0040E6E6 /* main.m in Sources */,
				557D67BF14082A2F0040E6E6 /* SalesKitAppDelegate.m in Sources */,
				557D67C514082A2F0040E6E6 /* SalesKit.xcdatamodeld in Sources */,
				5506E346140CC6BD00A61422 /* DownloadManager.m in Sources */,
				5506E352140CCE2600A61422 /* MenuItem.m in Sources */,
				5506E355140CCE2700A61422 /* SubMenuItem.m in Sources */,
				5506E35A140D2D7000A61422 /* SettingViewController.m in Sources */,
				5506E367140D44DB00A61422 /* SyncManager.m in Sources */,
				5506E37A140D4A0D00A61422 /* ASIHTTPRequest.m in Sources */,
				5506E37B140D4A0D00A61422 /* ASINetworkQueue.m in Sources */,
				5506E38C140D520700A61422 /* Reachability.m in Sources */,
				5506E395140D523200A61422 /* ASIAuthenticationDialog.m in Sources */,
				5506E396140D523200A61422 /* ASIInputStream.m in Sources */,
				5506E397140D523200A61422 /* ASIDataDecompressor.m in Sources */,
				5506E398140D523200A61422 /* ASIDataCompressor.m in Sources */,
				5506E39C140E426500A61422 /* JSONKit.m in Sources */,
				55F97C07140EFB3C000FAA00 /* ioapi.c in Sources */,
				55F97C08140EFB3C000FAA00 /* mztools.c in Sources */,
				55F97C09140EFB3C000FAA00 /* unzip.c in Sources */,
				55F97C0A140EFB3C000FAA00 /* zip.c in Sources */,
				55F97C0B140EFB3C000FAA00 /* ZipArchive.mm in Sources */,
				55449C5F1416B832009C2217 /* ClothTransition.m in Sources */,
				55449C601416B832009C2217 /* DoorsTransition.m in Sources */,
				55449C611416B832009C2217 /* FlipTransition.m in Sources */,
				55449C621416B832009C2217 /* HMGLTransition.m in Sources */,
				55449C631416B832009C2217 /* HMGLTransitionManager.m in Sources */,
				55449C641416B832009C2217 /* HMGLTransitionView.m in Sources */,
				55449C651416B832009C2217 /* RotateTransition.m in Sources */,
				55449C661416B832009C2217 /* Switch3DTransition.m in Sources */,
				55449C6A1416B897009C2217 /* MainViewController.m in Sources */,
				55449C721416B92E009C2217 /* WebViewVC.m in Sources */,
				55449C751416B942009C2217 /* MenuCoverVC.m in Sources */,
				55449C7D1416B95A009C2217 /* MenuBarVC.m in Sources */,
				55449C7E1416B95A009C2217 /* ItemBarVC.m in Sources */,
				55449C801416B95A009C2217 /* ItemVC.m in Sources */,
				55449C901416E9CB009C2217 /* BigView.m in Sources */,
				558EFD16144797B000BD8439 /* DIOSComment.m in Sources */,
				558EFD17144797B000BD8439 /* DIOSConnect.m in Sources */,
				558EFD18144797B000BD8439 /* DIOSFile.m in Sources */,
				558EFD19144797B000BD8439 /* DIOSNode.m in Sources */,
				558EFD1A144797B000BD8439 /* DIOSTaxonomy.m in Sources */,
				558EFD1B144797B000BD8439 /* DIOSUser.m in Sources */,
				558EFD1C144797B000BD8439 /* DIOSViews.m in Sources */,
				558EFD1E144797B000BD8439 /* NSData+Base64.m in Sources */,
				558EFD2314479C3300BD8439 /* ASIFormDataRequest.m in Sources */,
			);
			runOnlyForDeploymentPostprocessing = 0;
		};
/* End PBXSourcesBuildPhase section */

/* Begin PBXVariantGroup section */
		557D67B714082A2F0040E6E6 /* InfoPlist.strings */ = {
			isa = PBXVariantGroup;
			children = (
				557D67B814082A2F0040E6E6 /* en */,
			);
			name = InfoPlist.strings;
			sourceTree = "<group>";
		};
		557D67C014082A2F0040E6E6 /* MainWindow.xib */ = {
			isa = PBXVariantGroup;
			children = (
				557D67C114082A2F0040E6E6 /* en */,
			);
			name = MainWindow.xib;
			sourceTree = "<group>";
		};
/* End PBXVariantGroup section */

/* Begin XCBuildConfiguration section */
		557D67C614082A300040E6E6 /* Debug */ = {
			isa = XCBuildConfiguration;
			buildSettings = {
				ARCHS = "$(ARCHS_UNIVERSAL_IPHONE_OS)";
				"CODE_SIGN_IDENTITY[sdk=iphoneos*]" = "iPhone Developer";
				GCC_C_LANGUAGE_STANDARD = gnu99;
				GCC_OPTIMIZATION_LEVEL = 0;
				GCC_PREPROCESSOR_DEFINITIONS = DEBUG;
				GCC_SYMBOLS_PRIVATE_EXTERN = NO;
				GCC_VERSION = com.apple.compilers.llvmgcc42;
				GCC_WARN_ABOUT_RETURN_TYPE = YES;
				GCC_WARN_UNUSED_VARIABLE = YES;
				IPHONEOS_DEPLOYMENT_TARGET = 4.3;
				SDKROOT = iphoneos;
				TARGETED_DEVICE_FAMILY = 2;
			};
			name = Debug;
		};
		557D67C714082A300040E6E6 /* Release */ = {
			isa = XCBuildConfiguration;
			buildSettings = {
				ARCHS = "$(ARCHS_UNIVERSAL_IPHONE_OS)";
				"CODE_SIGN_IDENTITY[sdk=iphoneos*]" = "iPhone Developer";
				GCC_C_LANGUAGE_STANDARD = gnu99;
				GCC_VERSION = com.apple.compilers.llvmgcc42;
				GCC_WARN_ABOUT_RETURN_TYPE = YES;
				GCC_WARN_UNUSED_VARIABLE = YES;
				IPHONEOS_DEPLOYMENT_TARGET = 4.3;
				OTHER_CFLAGS = "-DNS_BLOCK_ASSERTIONS=1";
				SDKROOT = iphoneos;
				TARGETED_DEVICE_FAMILY = 2;
			};
			name = Release;
		};
		557D67C914082A300040E6E6 /* Debug */ = {
			isa = XCBuildConfiguration;
			buildSettings = {
				ALWAYS_SEARCH_USER_PATHS = NO;
				COPY_PHASE_STRIP = NO;
				GCC_DYNAMIC_NO_PIC = NO;
				GCC_PRECOMPILE_PREFIX_HEADER = YES;
				GCC_PREFIX_HEADER = "SalesKit/SalesKit-Prefix.pch";
				INFOPLIST_FILE = "SalesKit/SalesKit-Info.plist";
				PRODUCT_NAME = "$(TARGET_NAME)";
				WRAPPER_EXTENSION = app;
			};
			name = Debug;
		};
		557D67CA14082A300040E6E6 /* Release */ = {
			isa = XCBuildConfiguration;
			buildSettings = {
				ALWAYS_SEARCH_USER_PATHS = NO;
				COPY_PHASE_STRIP = YES;
				GCC_PRECOMPILE_PREFIX_HEADER = YES;
				GCC_PREFIX_HEADER = "SalesKit/SalesKit-Prefix.pch";
				INFOPLIST_FILE = "SalesKit/SalesKit-Info.plist";
				PRODUCT_NAME = "$(TARGET_NAME)";
				VALIDATE_PRODUCT = YES;
				WRAPPER_EXTENSION = app;
			};
			name = Release;
		};
/* End XCBuildConfiguration section */

/* Begin XCConfigurationList section */
		557D67A214082A2E0040E6E6 /* Build configuration list for PBXProject "SalesKit" */ = {
			isa = XCConfigurationList;
			buildConfigurations = (
				557D67C614082A300040E6E6 /* Debug */,
				557D67C714082A300040E6E6 /* Release */,
			);
			defaultConfigurationIsVisible = 0;
			defaultConfigurationName = Release;
		};
		557D67C814082A300040E6E6 /* Build configuration list for PBXNativeTarget "SalesKit" */ = {
			isa = XCConfigurationList;
			buildConfigurations = (
				557D67C914082A300040E6E6 /* Debug */,
				557D67CA14082A300040E6E6 /* Release */,
			);
			defaultConfigurationIsVisible = 0;
			defaultConfigurationName = Release;
		};
/* End XCConfigurationList section */

/* Begin XCVersionGroup section */
		557D67C314082A2F0040E6E6 /* SalesKit.xcdatamodeld */ = {
			isa = XCVersionGroup;
			children = (
				557D67C414082A2F0040E6E6 /* SalesKit.xcdatamodel */,
			);
			currentVersion = 557D67C414082A2F0040E6E6 /* SalesKit.xcdatamodel */;
			path = SalesKit.xcdatamodeld;
			sourceTree = "<group>";
			versionGroupType = wrapper.xcdatamodel;
		};
/* End XCVersionGroup section */
	};
	rootObject = 557D679F14082A2E0040E6E6 /* Project object */;
}
